
Microsoft Visual Studio Solution File, Format Version 12.00
# Visual Studio Version 17
VisualStudioVersion = 17.5.002.0
MinimumVisualStudioVersion = 10.0.40219.1
Project("{2150E333-8FDC-42A3-9474-1A3956D46DE8}") = "dev", "dev", "{346DB871-DBD6-4C1A-AFE4-DC43F290D42F}"
EndProject
Project("{9A19103F-16F7-4668-BE54-9A1E7A4F7556}") = "F5WebApi", "dev\F5WebApi\F5WebApi.csproj", "{4E504257-0C74-45C5-82DB-9F5FCC8A2223}"
EndProject
Project("{2150E333-8FDC-42A3-9474-1A3956D46DE8}") = "examples", "examples", "{82E3F7AD-4803-438F-B844-455193EE12DA}"
EndProject
Project("{9A19103F-16F7-4668-BE54-9A1E7A4F7556}") = "BasicConsoleAppILogger", "examples\BasicConsoleAppILogger\BasicConsoleAppILogger.csproj", "{F9E40878-CCD0-4273-BB84-50D8E8BF1B29}"
EndProject
Project("{9A19103F-16F7-4668-BE54-9A1E7A4F7556}") = "BuildOutOfContainer", "examples\BuildOutOfContainer\BuildOutOfContainer.csproj", "{183B4C87-2BFB-4914-87DB-90C42CD0C6CB}"
EndProject
Project("{9A19103F-16F7-4668-BE54-9A1E7A4F7556}") = "GetK8sInfoByCode", "examples\GetK8sInfoByCode\GetK8sInfoByCode.csproj", "{A7CA568C-ADA0-447B-94D6-36583DA3A437}"
EndProject
Project("{9A19103F-16F7-4668-BE54-9A1E7A4F7556}") = "MultipleIKeys", "examples\MultipleIKeys\MultipleIKeys.csproj", "{A5034F7C-BE04-4D9F-A45D-373C069D112B}"
EndProject
Project("{9A19103F-16F7-4668-BE54-9A1E7A4F7556}") = "AspNetCoreNano", "examples\WindowsContainer\AspNetCoreNano.csproj", "{F2762F3C-9786-4719-A15B-F37FA226CAAE}"
EndProject
Project("{9A19103F-16F7-4668-BE54-9A1E7A4F7556}") = "WorkerExample", "examples\WorkerExample\WorkerExample.csproj", "{4AC3C7E8-D70F-4EA4-87EF-197228CEAFDE}"
EndProject
Project("{9A19103F-16F7-4668-BE54-9A1E7A4F7556}") = "ZeroUserCodeLightup", "examples\ZeroUserCodeLightup\ZeroUserCodeLightup.csproj", "{42E180D0-D166-4D73-91DD-9DB94D0AC7EF}"
EndProject
Project("{9A19103F-16F7-4668-BE54-9A1E7A4F7556}") = "ZeroUserCodeLightup.Net6", "examples\ZeroUserCodeLightup.Net6\ZeroUserCodeLightup.Net6.csproj", "{7A27E40E-D104-4B1B-8BC9-BEBFF37143B4}"
EndProject
Project("{2150E333-8FDC-42A3-9474-1A3956D46DE8}") = "src", "src", "{D7A4DE3C-274E-4412-86AF-A2FE7F53AAA8}"
EndProject
Project("{9A19103F-16F7-4668-BE54-9A1E7A4F7556}") = "OpenTelemetries.Instrumentations.Kubernetes", "src\ApplicationInsights.Kubernetes\OpenTelemetries.Instrumentations.Kubernetes.csproj", "{5E71AD83-A535-4D95-9282-F2A2A332B633}"
EndProject
Project("{9A19103F-16F7-4668-BE54-9A1E7A4F7556}") = "ApplicationInsights.Kubernetes.HostingStartup", "src\ApplicationInsights.Kubernetes.HostingStartup\ApplicationInsights.Kubernetes.HostingStartup.csproj", "{5AA341AC-278C-424B-9B6D-D6201763DB74}"
EndProject
Project("{2150E333-8FDC-42A3-9474-1A3956D46DE8}") = "tests", "tests", "{89A601D8-D6E9-4BE5-8D52-658B852C29CD}"
EndProject
Project("{9A19103F-16F7-4668-BE54-9A1E7A4F7556}") = "UnitTests", "tests\UnitTests\UnitTests.csproj", "{B6B28D84-9FEF-44F0-97C8-45E4C6EB4C49}"
EndProject
Project("{2150E333-8FDC-42A3-9474-1A3956D46DE8}") = "troubleshooting", "troubleshooting", "{7A5DD6EB-A8CA-481D-8CCE-75AB97170069}"
EndProject
Project("{9A19103F-16F7-4668-BE54-9A1E7A4F7556}") = "AIK8sTroubleShooting", "troubleshooting\AIK8sTroubleShooting\AIK8sTroubleShooting.csproj", "{685BFC69-1CE6-410D-9324-4A51135B887B}"
EndProject
Project("{2150E333-8FDC-42A3-9474-1A3956D46DE8}") = "BasicConsoleApp", "BasicConsoleApp", "{3B9B63F7-9B3E-472E-82B8-22E33D6D6332}"
EndProject
Project("{9A19103F-16F7-4668-BE54-9A1E7A4F7556}") = "AiK8sConsole", "examples\BasicConsoleApp\src\AiK8sConsole.csproj", "{0849B93F-0BD8-446E-99B9-7E36BBF882F4}"
EndProject
Project("{2150E333-8FDC-42A3-9474-1A3956D46DE8}") = "BasicUsage_clr21_RBAC", "BasicUsage_clr21_RBAC", "{2AEF7486-29CD-42D2-9542-43A04C50B56E}"
EndProject
Project("{9A19103F-16F7-4668-BE54-9A1E7A4F7556}") = "app", "examples\BasicUsage_clr21_RBAC\app\app.csproj", "{43AA506A-2CBC-4766-8AF5-DAA002356D72}"
EndProject
Project("{2150E333-8FDC-42A3-9474-1A3956D46DE8}") = "GenericHost", "GenericHost", "{48C66C64-6537-4715-AA0C-BE1F331DD3AF}"
EndProject
Project("{9A19103F-16F7-4668-BE54-9A1E7A4F7556}") = "AIK8sGenericHost", "examples\GenericHost\src\AIK8sGenericHost.csproj", "{1FB30675-9718-46F0-8667-2712481470B4}"
EndProject
Project("{2150E333-8FDC-42A3-9474-1A3956D46DE8}") = "WebAPI.Net6", "WebAPI.Net6", "{9F6DDD56-4984-4A1A-9A95-46ADE6C50A5A}"
EndProject
Project("{9A19103F-16F7-4668-BE54-9A1E7A4F7556}") = "MinimalAPI", "examples\WebAPI.Net6\MinimalAPI\MinimalAPI.csproj", "{8660D98B-DAA4-4D20-813C-66F2FFB5FD4B}"
EndProject
Project("{9A19103F-16F7-4668-BE54-9A1E7A4F7556}") = "NormalWebAPI", "examples\WebAPI.Net6\WebAPI\NormalWebAPI.csproj", "{4B1F5B12-304C-44AF-810B-F7ECEDBC853A}"
EndProject
Global
	GlobalSection(SolutionConfigurationPlatforms) = preSolution
		Debug|Any CPU = Debug|Any CPU
		Release|Any CPU = Release|Any CPU
	EndGlobalSection
	GlobalSection(ProjectConfigurationPlatforms) = postSolution
		{4E504257-0C74-45C5-82DB-9F5FCC8A2223}.Debug|Any CPU.ActiveCfg = Debug|Any CPU
		{4E504257-0C74-45C5-82DB-9F5FCC8A2223}.Debug|Any CPU.Build.0 = Debug|Any CPU
		{4E504257-0C74-45C5-82DB-9F5FCC8A2223}.Release|Any CPU.ActiveCfg = Release|Any CPU
		{4E504257-0C74-45C5-82DB-9F5FCC8A2223}.Release|Any CPU.Build.0 = Release|Any CPU
		{F9E40878-CCD0-4273-BB84-50D8E8BF1B29}.Debug|Any CPU.ActiveCfg = Debug|Any CPU
		{F9E40878-CCD0-4273-BB84-50D8E8BF1B29}.Debug|Any CPU.Build.0 = Debug|Any CPU
		{F9E40878-CCD0-4273-BB84-50D8E8BF1B29}.Release|Any CPU.ActiveCfg = Release|Any CPU
		{F9E40878-CCD0-4273-BB84-50D8E8BF1B29}.Release|Any CPU.Build.0 = Release|Any CPU
		{183B4C87-2BFB-4914-87DB-90C42CD0C6CB}.Debug|Any CPU.ActiveCfg = Debug|Any CPU
		{183B4C87-2BFB-4914-87DB-90C42CD0C6CB}.Debug|Any CPU.Build.0 = Debug|Any CPU
		{183B4C87-2BFB-4914-87DB-90C42CD0C6CB}.Release|Any CPU.ActiveCfg = Release|Any CPU
		{183B4C87-2BFB-4914-87DB-90C42CD0C6CB}.Release|Any CPU.Build.0 = Release|Any CPU
		{A7CA568C-ADA0-447B-94D6-36583DA3A437}.Debug|Any CPU.ActiveCfg = Debug|Any CPU
		{A7CA568C-ADA0-447B-94D6-36583DA3A437}.Debug|Any CPU.Build.0 = Debug|Any CPU
		{A7CA568C-ADA0-447B-94D6-36583DA3A437}.Release|Any CPU.ActiveCfg = Release|Any CPU
		{A7CA568C-ADA0-447B-94D6-36583DA3A437}.Release|Any CPU.Build.0 = Release|Any CPU
		{A5034F7C-BE04-4D9F-A45D-373C069D112B}.Debug|Any CPU.ActiveCfg = Debug|Any CPU
		{A5034F7C-BE04-4D9F-A45D-373C069D112B}.Debug|Any CPU.Build.0 = Debug|Any CPU
		{A5034F7C-BE04-4D9F-A45D-373C069D112B}.Release|Any CPU.ActiveCfg = Release|Any CPU
		{A5034F7C-BE04-4D9F-A45D-373C069D112B}.Release|Any CPU.Build.0 = Release|Any CPU
		{F2762F3C-9786-4719-A15B-F37FA226CAAE}.Debug|Any CPU.ActiveCfg = Debug|Any CPU
		{F2762F3C-9786-4719-A15B-F37FA226CAAE}.Debug|Any CPU.Build.0 = Debug|Any CPU
		{F2762F3C-9786-4719-A15B-F37FA226CAAE}.Release|Any CPU.ActiveCfg = Release|Any CPU
		{F2762F3C-9786-4719-A15B-F37FA226CAAE}.Release|Any CPU.Build.0 = Release|Any CPU
		{4AC3C7E8-D70F-4EA4-87EF-197228CEAFDE}.Debug|Any CPU.ActiveCfg = Debug|Any CPU
		{4AC3C7E8-D70F-4EA4-87EF-197228CEAFDE}.Debug|Any CPU.Build.0 = Debug|Any CPU
		{4AC3C7E8-D70F-4EA4-87EF-197228CEAFDE}.Release|Any CPU.ActiveCfg = Release|Any CPU
		{4AC3C7E8-D70F-4EA4-87EF-197228CEAFDE}.Release|Any CPU.Build.0 = Release|Any CPU
		{42E180D0-D166-4D73-91DD-9DB94D0AC7EF}.Debug|Any CPU.ActiveCfg = Debug|Any CPU
		{42E180D0-D166-4D73-91DD-9DB94D0AC7EF}.Debug|Any CPU.Build.0 = Debug|Any CPU
		{42E180D0-D166-4D73-91DD-9DB94D0AC7EF}.Release|Any CPU.ActiveCfg = Release|Any CPU
		{42E180D0-D166-4D73-91DD-9DB94D0AC7EF}.Release|Any CPU.Build.0 = Release|Any CPU
		{7A27E40E-D104-4B1B-8BC9-BEBFF37143B4}.Debug|Any CPU.ActiveCfg = Debug|Any CPU
		{7A27E40E-D104-4B1B-8BC9-BEBFF37143B4}.Debug|Any CPU.Build.0 = Debug|Any CPU
		{7A27E40E-D104-4B1B-8BC9-BEBFF37143B4}.Release|Any CPU.ActiveCfg = Release|Any CPU
		{7A27E40E-D104-4B1B-8BC9-BEBFF37143B4}.Release|Any CPU.Build.0 = Release|Any CPU
		{5E71AD83-A535-4D95-9282-F2A2A332B633}.Debug|Any CPU.ActiveCfg = Debug|Any CPU
		{5E71AD83-A535-4D95-9282-F2A2A332B633}.Debug|Any CPU.Build.0 = Debug|Any CPU
		{5E71AD83-A535-4D95-9282-F2A2A332B633}.Release|Any CPU.ActiveCfg = Release|Any CPU
		{5E71AD83-A535-4D95-9282-F2A2A332B633}.Release|Any CPU.Build.0 = Release|Any CPU
		{5AA341AC-278C-424B-9B6D-D6201763DB74}.Debug|Any CPU.ActiveCfg = Debug|Any CPU
		{5AA341AC-278C-424B-9B6D-D6201763DB74}.Debug|Any CPU.Build.0 = Debug|Any CPU
		{5AA341AC-278C-424B-9B6D-D6201763DB74}.Release|Any CPU.ActiveCfg = Release|Any CPU
		{5AA341AC-278C-424B-9B6D-D6201763DB74}.Release|Any CPU.Build.0 = Release|Any CPU
		{B6B28D84-9FEF-44F0-97C8-45E4C6EB4C49}.Debug|Any CPU.ActiveCfg = Debug|Any CPU
		{B6B28D84-9FEF-44F0-97C8-45E4C6EB4C49}.Debug|Any CPU.Build.0 = Debug|Any CPU
		{B6B28D84-9FEF-44F0-97C8-45E4C6EB4C49}.Release|Any CPU.ActiveCfg = Release|Any CPU
		{B6B28D84-9FEF-44F0-97C8-45E4C6EB4C49}.Release|Any CPU.Build.0 = Release|Any CPU
		{685BFC69-1CE6-410D-9324-4A51135B887B}.Debug|Any CPU.ActiveCfg = Debug|Any CPU
		{685BFC69-1CE6-410D-9324-4A51135B887B}.Debug|Any CPU.Build.0 = Debug|Any CPU
		{685BFC69-1CE6-410D-9324-4A51135B887B}.Release|Any CPU.ActiveCfg = Release|Any CPU
		{685BFC69-1CE6-410D-9324-4A51135B887B}.Release|Any CPU.Build.0 = Release|Any CPU
		{0849B93F-0BD8-446E-99B9-7E36BBF882F4}.Debug|Any CPU.ActiveCfg = Debug|Any CPU
		{0849B93F-0BD8-446E-99B9-7E36BBF882F4}.Debug|Any CPU.Build.0 = Debug|Any CPU
		{0849B93F-0BD8-446E-99B9-7E36BBF882F4}.Release|Any CPU.ActiveCfg = Release|Any CPU
		{0849B93F-0BD8-446E-99B9-7E36BBF882F4}.Release|Any CPU.Build.0 = Release|Any CPU
		{43AA506A-2CBC-4766-8AF5-DAA002356D72}.Debug|Any CPU.ActiveCfg = Debug|Any CPU
		{43AA506A-2CBC-4766-8AF5-DAA002356D72}.Debug|Any CPU.Build.0 = Debug|Any CPU
		{43AA506A-2CBC-4766-8AF5-DAA002356D72}.Release|Any CPU.ActiveCfg = Release|Any CPU
		{43AA506A-2CBC-4766-8AF5-DAA002356D72}.Release|Any CPU.Build.0 = Release|Any CPU
		{1FB30675-9718-46F0-8667-2712481470B4}.Debug|Any CPU.ActiveCfg = Debug|Any CPU
		{1FB30675-9718-46F0-8667-2712481470B4}.Debug|Any CPU.Build.0 = Debug|Any CPU
		{1FB30675-9718-46F0-8667-2712481470B4}.Release|Any CPU.ActiveCfg = Release|Any CPU
		{1FB30675-9718-46F0-8667-2712481470B4}.Release|Any CPU.Build.0 = Release|Any CPU
		{8660D98B-DAA4-4D20-813C-66F2FFB5FD4B}.Debug|Any CPU.ActiveCfg = Debug|Any CPU
		{8660D98B-DAA4-4D20-813C-66F2FFB5FD4B}.Debug|Any CPU.Build.0 = Debug|Any CPU
		{8660D98B-DAA4-4D20-813C-66F2FFB5FD4B}.Release|Any CPU.ActiveCfg = Release|Any CPU
		{8660D98B-DAA4-4D20-813C-66F2FFB5FD4B}.Release|Any CPU.Build.0 = Release|Any CPU
		{4B1F5B12-304C-44AF-810B-F7ECEDBC853A}.Debug|Any CPU.ActiveCfg = Debug|Any CPU
		{4B1F5B12-304C-44AF-810B-F7ECEDBC853A}.Debug|Any CPU.Build.0 = Debug|Any CPU
		{4B1F5B12-304C-44AF-810B-F7ECEDBC853A}.Release|Any CPU.ActiveCfg = Release|Any CPU
		{4B1F5B12-304C-44AF-810B-F7ECEDBC853A}.Release|Any CPU.Build.0 = Release|Any CPU
	EndGlobalSection
	GlobalSection(SolutionProperties) = preSolution
		HideSolutionNode = FALSE
	EndGlobalSection
	GlobalSection(NestedProjects) = preSolution
		{4E504257-0C74-45C5-82DB-9F5FCC8A2223} = {346DB871-DBD6-4C1A-AFE4-DC43F290D42F}
		{F9E40878-CCD0-4273-BB84-50D8E8BF1B29} = {82E3F7AD-4803-438F-B844-455193EE12DA}
		{183B4C87-2BFB-4914-87DB-90C42CD0C6CB} = {82E3F7AD-4803-438F-B844-455193EE12DA}
		{A7CA568C-ADA0-447B-94D6-36583DA3A437} = {82E3F7AD-4803-438F-B844-455193EE12DA}
		{A5034F7C-BE04-4D9F-A45D-373C069D112B} = {82E3F7AD-4803-438F-B844-455193EE12DA}
		{F2762F3C-9786-4719-A15B-F37FA226CAAE} = {82E3F7AD-4803-438F-B844-455193EE12DA}
		{4AC3C7E8-D70F-4EA4-87EF-197228CEAFDE} = {82E3F7AD-4803-438F-B844-455193EE12DA}
		{42E180D0-D166-4D73-91DD-9DB94D0AC7EF} = {82E3F7AD-4803-438F-B844-455193EE12DA}
		{7A27E40E-D104-4B1B-8BC9-BEBFF37143B4} = {82E3F7AD-4803-438F-B844-455193EE12DA}
		{5E71AD83-A535-4D95-9282-F2A2A332B633} = {D7A4DE3C-274E-4412-86AF-A2FE7F53AAA8}
		{5AA341AC-278C-424B-9B6D-D6201763DB74} = {D7A4DE3C-274E-4412-86AF-A2FE7F53AAA8}
		{B6B28D84-9FEF-44F0-97C8-45E4C6EB4C49} = {89A601D8-D6E9-4BE5-8D52-658B852C29CD}
		{685BFC69-1CE6-410D-9324-4A51135B887B} = {7A5DD6EB-A8CA-481D-8CCE-75AB97170069}
		{3B9B63F7-9B3E-472E-82B8-22E33D6D6332} = {82E3F7AD-4803-438F-B844-455193EE12DA}
		{0849B93F-0BD8-446E-99B9-7E36BBF882F4} = {3B9B63F7-9B3E-472E-82B8-22E33D6D6332}
		{2AEF7486-29CD-42D2-9542-43A04C50B56E} = {82E3F7AD-4803-438F-B844-455193EE12DA}
		{43AA506A-2CBC-4766-8AF5-DAA002356D72} = {2AEF7486-29CD-42D2-9542-43A04C50B56E}
		{48C66C64-6537-4715-AA0C-BE1F331DD3AF} = {82E3F7AD-4803-438F-B844-455193EE12DA}
		{1FB30675-9718-46F0-8667-2712481470B4} = {48C66C64-6537-4715-AA0C-BE1F331DD3AF}
		{9F6DDD56-4984-4A1A-9A95-46ADE6C50A5A} = {82E3F7AD-4803-438F-B844-455193EE12DA}
		{8660D98B-DAA4-4D20-813C-66F2FFB5FD4B} = {9F6DDD56-4984-4A1A-9A95-46ADE6C50A5A}
		{4B1F5B12-304C-44AF-810B-F7ECEDBC853A} = {9F6DDD56-4984-4A1A-9A95-46ADE6C50A5A}
	EndGlobalSection
	GlobalSection(ExtensibilityGlobals) = postSolution
		SolutionGuid = {053F182C-40A9-4A7A-96FE-9B4D06A0368B}
	EndGlobalSection
EndGlobal
